// !$*UTF8*$!
{
	archiveVersion = 1;
	classes = {
	};
	objectVersion = 51;
	objects = {

/* Begin PBXBuildFile section */
		600B3C99248EF73E00CEB217 /* AppDelegate.swift in Sources */ = {isa = PBXBuildFile; fileRef = 600B3C98248EF73E00CEB217 /* AppDelegate.swift */; };
		600B3C9B248EF73E00CEB217 /* SceneDelegate.swift in Sources */ = {isa = PBXBuildFile; fileRef = 600B3C9A248EF73E00CEB217 /* SceneDelegate.swift */; };
		600B3C9D248EF73E00CEB217 /* ViewController.swift in Sources */ = {isa = PBXBuildFile; fileRef = 600B3C9C248EF73E00CEB217 /* ViewController.swift */; };
		600B3CA0248EF73E00CEB217 /* Main.storyboard in Resources */ = {isa = PBXBuildFile; fileRef = 600B3C9E248EF73E00CEB217 /* Main.storyboard */; };
		600B3CA2248EF74100CEB217 /* Assets.xcassets in Resources */ = {isa = PBXBuildFile; fileRef = 600B3CA1248EF74100CEB217 /* Assets.xcassets */; };
		600B3CA5248EF74100CEB217 /* LaunchScreen.storyboard in Resources */ = {isa = PBXBuildFile; fileRef = 600B3CA3248EF74100CEB217 /* LaunchScreen.storyboard */; };
		600B3CAD248F849C00CEB217 /* itemCell.swift in Sources */ = {isa = PBXBuildFile; fileRef = 600B3CAC248F849C00CEB217 /* itemCell.swift */; };
		600B3CAF248F9FA800CEB217 /* Assets in Resources */ = {isa = PBXBuildFile; fileRef = 600B3CAE248F9FA800CEB217 /* Assets */; };
		6058257424D600C100EA7816 /* Model.swift in Sources */ = {isa = PBXBuildFile; fileRef = 6058257324D600C100EA7816 /* Model.swift */; };
		6058257924D611F700EA7816 /* LoginViewController.swift in Sources */ = {isa = PBXBuildFile; fileRef = 6058257824D611F700EA7816 /* LoginViewController.swift */; };
		6058257B24D6132600EA7816 /* Constants.swift in Sources */ = {isa = PBXBuildFile; fileRef = 6058257A24D6132600EA7816 /* Constants.swift */; };
		6058257D24D61B2700EA7816 /* RegisterViewController.swift in Sources */ = {isa = PBXBuildFile; fileRef = 6058257C24D61B2700EA7816 /* RegisterViewController.swift */; };
		6058257F24D6324B00EA7816 /* DisplayModelsViewController.swift in Sources */ = {isa = PBXBuildFile; fileRef = 6058257E24D6324B00EA7816 /* DisplayModelsViewController.swift */; };
		605F83E924E2E8AD00D5B90C /* Poly.swift in Sources */ = {isa = PBXBuildFile; fileRef = 605F83E824E2E8AD00D5B90C /* Poly.swift */; };
		60630F5724CAF28E0034385D /* MBProgressHUD.m in Sources */ = {isa = PBXBuildFile; fileRef = 60630F5524CAF28D0034385D /* MBProgressHUD.m */; };
		60630F5924CB10E80034385D /* Loading3DModelsController.swift in Sources */ = {isa = PBXBuildFile; fileRef = 60630F5824CB10E80034385D /* Loading3DModelsController.swift */; };
		60630F5B24CB2B500034385D /* GoogleService-Info.plist in Resources */ = {isa = PBXBuildFile; fileRef = 60630F5A24CB2B4F0034385D /* GoogleService-Info.plist */; };
		60630F5D24CB5B2E0034385D /* ContentView.swift in Sources */ = {isa = PBXBuildFile; fileRef = 60630F5C24CB5B2E0034385D /* ContentView.swift */; };
		60630F6124CB6B210034385D /* SwiftUIViewController.swift in Sources */ = {isa = PBXBuildFile; fileRef = 60630F6024CB6B210034385D /* SwiftUIViewController.swift */; };
		60630F6324CCDE080034385D /* HomeViewController.swift in Sources */ = {isa = PBXBuildFile; fileRef = 60630F6224CCDE080034385D /* HomeViewController.swift */; };
		60CC7AB524A9D85B0058B200 /* MeasurementViewController.swift in Sources */ = {isa = PBXBuildFile; fileRef = 60CC7AB424A9D85B0058B200 /* MeasurementViewController.swift */; };
		C3E106B0EEF458C454A2BC14 /* Pods_ikea.framework in Frameworks */ = {isa = PBXBuildFile; fileRef = 808A5EC13EB197485330560B /* Pods_ikea.framework */; };
/* End PBXBuildFile section */

/* Begin PBXFileReference section */
		286033F19D021407A5AEE005 /* Pods-ikea.debug.xcconfig */ = {isa = PBXFileReference; includeInIndex = 1; lastKnownFileType = text.xcconfig; name = "Pods-ikea.debug.xcconfig"; path = "Target Support Files/Pods-ikea/Pods-ikea.debug.xcconfig"; sourceTree = "<group>"; };
		600B3C95248EF73E00CEB217 /* ikea.app */ = {isa = PBXFileReference; explicitFileType = wrapper.application; includeInIndex = 0; path = ikea.app; sourceTree = BUILT_PRODUCTS_DIR; };
		600B3C98248EF73E00CEB217 /* AppDelegate.swift */ = {isa = PBXFileReference; lastKnownFileType = sourcecode.swift; path = AppDelegate.swift; sourceTree = "<group>"; };
		600B3C9A248EF73E00CEB217 /* SceneDelegate.swift */ = {isa = PBXFileReference; lastKnownFileType = sourcecode.swift; path = SceneDelegate.swift; sourceTree = "<group>"; };
		600B3C9C248EF73E00CEB217 /* ViewController.swift */ = {isa = PBXFileReference; lastKnownFileType = sourcecode.swift; path = ViewController.swift; sourceTree = "<group>"; };
		600B3C9F248EF73E00CEB217 /* Base */ = {isa = PBXFileReference; lastKnownFileType = file.storyboard; name = Base; path = Base.lproj/Main.storyboard; sourceTree = "<group>"; };
		600B3CA1248EF74100CEB217 /* Assets.xcassets */ = {isa = PBXFileReference; lastKnownFileType = folder.assetcatalog; path = Assets.xcassets; sourceTree = "<group>"; };
		600B3CA4248EF74100CEB217 /* Base */ = {isa = PBXFileReference; lastKnownFileType = file.storyboard; name = Base; path = Base.lproj/LaunchScreen.storyboard; sourceTree = "<group>"; };
		600B3CA6248EF74100CEB217 /* Info.plist */ = {isa = PBXFileReference; lastKnownFileType = text.plist.xml; path = Info.plist; sourceTree = "<group>"; };
		600B3CAC248F849C00CEB217 /* itemCell.swift */ = {isa = PBXFileReference; lastKnownFileType = sourcecode.swift; path = itemCell.swift; sourceTree = "<group>"; };
		600B3CAE248F9FA800CEB217 /* Assets */ = {isa = PBXFileReference; lastKnownFileType = folder; path = Assets; sourceTree = "<group>"; };
		6058257324D600C100EA7816 /* Model.swift */ = {isa = PBXFileReference; lastKnownFileType = sourcecode.swift; path = Model.swift; sourceTree = "<group>"; };
		6058257824D611F700EA7816 /* LoginViewController.swift */ = {isa = PBXFileReference; lastKnownFileType = sourcecode.swift; path = LoginViewController.swift; sourceTree = "<group>"; };
		6058257A24D6132600EA7816 /* Constants.swift */ = {isa = PBXFileReference; lastKnownFileType = sourcecode.swift; path = Constants.swift; sourceTree = "<group>"; };
		6058257C24D61B2700EA7816 /* RegisterViewController.swift */ = {isa = PBXFileReference; lastKnownFileType = sourcecode.swift; path = RegisterViewController.swift; sourceTree = "<group>"; };
		6058257E24D6324B00EA7816 /* DisplayModelsViewController.swift */ = {isa = PBXFileReference; lastKnownFileType = sourcecode.swift; path = DisplayModelsViewController.swift; sourceTree = "<group>"; };
		605F83E824E2E8AD00D5B90C /* Poly.swift */ = {isa = PBXFileReference; lastKnownFileType = sourcecode.swift; path = Poly.swift; sourceTree = "<group>"; };
		60630F5424CAF2880034385D /* ikea-Bridging-Header.h */ = {isa = PBXFileReference; lastKnownFileType = sourcecode.c.h; path = "ikea-Bridging-Header.h"; sourceTree = "<group>"; };
		60630F5524CAF28D0034385D /* MBProgressHUD.m */ = {isa = PBXFileReference; fileEncoding = 4; lastKnownFileType = sourcecode.c.objc; path = MBProgressHUD.m; sourceTree = "<group>"; };
		60630F5624CAF28E0034385D /* MBProgressHUD.h */ = {isa = PBXFileReference; fileEncoding = 4; lastKnownFileType = sourcecode.c.h; path = MBProgressHUD.h; sourceTree = "<group>"; };
		60630F5824CB10E80034385D /* Loading3DModelsController.swift */ = {isa = PBXFileReference; lastKnownFileType = sourcecode.swift; path = Loading3DModelsController.swift; sourceTree = "<group>"; };
		60630F5A24CB2B4F0034385D /* GoogleService-Info.plist */ = {isa = PBXFileReference; fileEncoding = 4; lastKnownFileType = text.plist.xml; path = "GoogleService-Info.plist"; sourceTree = "<group>"; };
		60630F5C24CB5B2E0034385D /* ContentView.swift */ = {isa = PBXFileReference; lastKnownFileType = sourcecode.swift; path = ContentView.swift; sourceTree = "<group>"; };
		60630F6024CB6B210034385D /* SwiftUIViewController.swift */ = {isa = PBXFileReference; lastKnownFileType = sourcecode.swift; path = SwiftUIViewController.swift; sourceTree = "<group>"; };
		60630F6224CCDE080034385D /* HomeViewController.swift */ = {isa = PBXFileReference; lastKnownFileType = sourcecode.swift; path = HomeViewController.swift; sourceTree = "<group>"; };
		60CC7AB424A9D85B0058B200 /* MeasurementViewController.swift */ = {isa = PBXFileReference; lastKnownFileType = sourcecode.swift; path = MeasurementViewController.swift; sourceTree = "<group>"; };
		808A5EC13EB197485330560B /* Pods_ikea.framework */ = {isa = PBXFileReference; explicitFileType = wrapper.framework; includeInIndex = 0; path = Pods_ikea.framework; sourceTree = BUILT_PRODUCTS_DIR; };
		BA8C1EA61C3213E94CB74138 /* Pods-ikea.release.xcconfig */ = {isa = PBXFileReference; includeInIndex = 1; lastKnownFileType = text.xcconfig; name = "Pods-ikea.release.xcconfig"; path = "Target Support Files/Pods-ikea/Pods-ikea.release.xcconfig"; sourceTree = "<group>"; };
/* End PBXFileReference section */

/* Begin PBXFrameworksBuildPhase section */
		600B3C92248EF73E00CEB217 /* Frameworks */ = {
			isa = PBXFrameworksBuildPhase;
			buildActionMask = 2147483647;
			files = (
				C3E106B0EEF458C454A2BC14 /* Pods_ikea.framework in Frameworks */,
			);
			runOnlyForDeploymentPostprocessing = 0;
		};
/* End PBXFrameworksBuildPhase section */

/* Begin PBXGroup section */
		600B3C8C248EF73E00CEB217 = {
			isa = PBXGroup;
			children = (
				600B3C97248EF73E00CEB217 /* ikea */,
				600B3C96248EF73E00CEB217 /* Products */,
				84FF5A5A0B8AED782D283271 /* Pods */,
				76B9709872F3730C2EECBE3E /* Frameworks */,
			);
			sourceTree = "<group>";
		};
		600B3C96248EF73E00CEB217 /* Products */ = {
			isa = PBXGroup;
			children = (
				600B3C95248EF73E00CEB217 /* ikea.app */,
			);
			name = Products;
			sourceTree = "<group>";
		};
		600B3C97248EF73E00CEB217 /* ikea */ = {
			isa = PBXGroup;
			children = (
				60630F5A24CB2B4F0034385D /* GoogleService-Info.plist */,
				600B3CAE248F9FA800CEB217 /* Assets */,
				600B3C98248EF73E00CEB217 /* AppDelegate.swift */,
				600B3C9A248EF73E00CEB217 /* SceneDelegate.swift */,
				60CC7AB324A9D7CC0058B200 /* Controllers */,
				60CC7AB224A9D7AF0058B200 /* Views */,
				600B3CA1248EF74100CEB217 /* Assets.xcassets */,
				600B3CA3248EF74100CEB217 /* LaunchScreen.storyboard */,
				60630F5624CAF28E0034385D /* MBProgressHUD.h */,
				60630F5524CAF28D0034385D /* MBProgressHUD.m */,
				600B3CA6248EF74100CEB217 /* Info.plist */,
				600B3CAC248F849C00CEB217 /* itemCell.swift */,
				60630F5424CAF2880034385D /* ikea-Bridging-Header.h */,
				6058257524D600CD00EA7816 /* Models */,
				6058257A24D6132600EA7816 /* Constants.swift */,
			);
			path = ikea;
			sourceTree = "<group>";
		};
		6058257524D600CD00EA7816 /* Models */ = {
			isa = PBXGroup;
			children = (
				6058257324D600C100EA7816 /* Model.swift */,
			);
			path = Models;
			sourceTree = "<group>";
		};
		60CC7AB224A9D7AF0058B200 /* Views */ = {
			isa = PBXGroup;
			children = (
				600B3C9E248EF73E00CEB217 /* Main.storyboard */,
			);
			path = Views;
			sourceTree = "<group>";
		};
		60CC7AB324A9D7CC0058B200 /* Controllers */ = {
			isa = PBXGroup;
			children = (
				600B3C9C248EF73E00CEB217 /* ViewController.swift */,
				60CC7AB424A9D85B0058B200 /* MeasurementViewController.swift */,
				60630F5824CB10E80034385D /* Loading3DModelsController.swift */,
				60630F5C24CB5B2E0034385D /* ContentView.swift */,
				60630F6024CB6B210034385D /* SwiftUIViewController.swift */,
				60630F6224CCDE080034385D /* HomeViewController.swift */,
				6058257824D611F700EA7816 /* LoginViewController.swift */,
				6058257C24D61B2700EA7816 /* RegisterViewController.swift */,
				6058257E24D6324B00EA7816 /* DisplayModelsViewController.swift */,
				605F83E824E2E8AD00D5B90C /* Poly.swift */,
			);
			path = Controllers;
			sourceTree = "<group>";
		};
		76B9709872F3730C2EECBE3E /* Frameworks */ = {
			isa = PBXGroup;
			children = (
				808A5EC13EB197485330560B /* Pods_ikea.framework */,
			);
			name = Frameworks;
			sourceTree = "<group>";
		};
		84FF5A5A0B8AED782D283271 /* Pods */ = {
			isa = PBXGroup;
			children = (
				286033F19D021407A5AEE005 /* Pods-ikea.debug.xcconfig */,
				BA8C1EA61C3213E94CB74138 /* Pods-ikea.release.xcconfig */,
			);
			path = Pods;
			sourceTree = "<group>";
		};
/* End PBXGroup section */

/* Begin PBXNativeTarget section */
		600B3C94248EF73E00CEB217 /* ikea */ = {
			isa = PBXNativeTarget;
			buildConfigurationList = 600B3CA9248EF74100CEB217 /* Build configuration list for PBXNativeTarget "ikea" */;
			buildPhases = (
				7AF1FFE1BE5E5333CAF73B5A /* [CP] Check Pods Manifest.lock */,
				600B3C91248EF73E00CEB217 /* Sources */,
				600B3C92248EF73E00CEB217 /* Frameworks */,
				600B3C93248EF73E00CEB217 /* Resources */,
				B1F51470B66F146260F57CE8 /* [CP] Embed Pods Frameworks */,
			);
			buildRules = (
			);
			dependencies = (
			);
			name = ikea;
			productName = ikea;
			productReference = 600B3C95248EF73E00CEB217 /* ikea.app */;
			productType = "com.apple.product-type.application";
		};
/* End PBXNativeTarget section */

/* Begin PBXProject section */
		600B3C8D248EF73E00CEB217 /* Project object */ = {
			isa = PBXProject;
			attributes = {
				LastSwiftUpdateCheck = 1140;
				LastUpgradeCheck = 1140;
				ORGANIZATIONNAME = "Danlin Wang";
				TargetAttributes = {
					600B3C94248EF73E00CEB217 = {
						CreatedOnToolsVersion = 11.4.1;
						LastSwiftMigration = 1150;
					};
				};
			};
			buildConfigurationList = 600B3C90248EF73E00CEB217 /* Build configuration list for PBXProject "ikea" */;
			compatibilityVersion = "Xcode 9.3";
			developmentRegion = en;
			hasScannedForEncodings = 0;
			knownRegions = (
				en,
				Base,
			);
			mainGroup = 600B3C8C248EF73E00CEB217;
			productRefGroup = 600B3C96248EF73E00CEB217 /* Products */;
			projectDirPath = "";
			projectRoot = "";
			targets = (
				600B3C94248EF73E00CEB217 /* ikea */,
			);
		};
/* End PBXProject section */

/* Begin PBXResourcesBuildPhase section */
		600B3C93248EF73E00CEB217 /* Resources */ = {
			isa = PBXResourcesBuildPhase;
			buildActionMask = 2147483647;
			files = (
				600B3CA5248EF74100CEB217 /* LaunchScreen.storyboard in Resources */,
				600B3CAF248F9FA800CEB217 /* Assets in Resources */,
				600B3CA2248EF74100CEB217 /* Assets.xcassets in Resources */,
				600B3CA0248EF73E00CEB217 /* Main.storyboard in Resources */,
				60630F5B24CB2B500034385D /* GoogleService-Info.plist in Resources */,
			);
			runOnlyForDeploymentPostprocessing = 0;
		};
/* End PBXResourcesBuildPhase section */

/* Begin PBXShellScriptBuildPhase section */
		7AF1FFE1BE5E5333CAF73B5A /* [CP] Check Pods Manifest.lock */ = {
			isa = PBXShellScriptBuildPhase;
			buildActionMask = 2147483647;
			files = (
			);
			inputFileListPaths = (
			);
			inputPaths = (
				"${PODS_PODFILE_DIR_PATH}/Podfile.lock",
				"${PODS_ROOT}/Manifest.lock",
			);
			name = "[CP] Check Pods Manifest.lock";
			outputFileListPaths = (
			);
			outputPaths = (
				"$(DERIVED_FILE_DIR)/Pods-ikea-checkManifestLockResult.txt",
			);
			runOnlyForDeploymentPostprocessing = 0;
			shellPath = /bin/sh;
			shellScript = "diff \"${PODS_PODFILE_DIR_PATH}/Podfile.lock\" \"${PODS_ROOT}/Manifest.lock\" > /dev/null\nif [ $? != 0 ] ; then\n    # print error to STDERR\n    echo \"error: The sandbox is not in sync with the Podfile.lock. Run 'pod install' or update your CocoaPods installation.\" >&2\n    exit 1\nfi\n# This output is used by Xcode 'outputs' to avoid re-running this script phase.\necho \"SUCCESS\" > \"${SCRIPT_OUTPUT_FILE_0}\"\n";
			showEnvVarsInLog = 0;
		};
		B1F51470B66F146260F57CE8 /* [CP] Embed Pods Frameworks */ = {
			isa = PBXShellScriptBuildPhase;
			buildActionMask = 2147483647;
			files = (
			);
			inputFileListPaths = (
				"${PODS_ROOT}/Target Support Files/Pods-ikea/Pods-ikea-frameworks-${CONFIGURATION}-input-files.xcfilelist",
			);
			name = "[CP] Embed Pods Frameworks";
			outputFileListPaths = (
				"${PODS_ROOT}/Target Support Files/Pods-ikea/Pods-ikea-frameworks-${CONFIGURATION}-output-files.xcfilelist",
			);
			runOnlyForDeploymentPostprocessing = 0;
			shellPath = /bin/sh;
			shellScript = "\"${PODS_ROOT}/Target Support Files/Pods-ikea/Pods-ikea-frameworks.sh\"\n";
			showEnvVarsInLog = 0;
		};
/* End PBXShellScriptBuildPhase section */

/* Begin PBXSourcesBuildPhase section */
		600B3C91248EF73E00CEB217 /* Sources */ = {
			isa = PBXSourcesBuildPhase;
			buildActionMask = 2147483647;
			files = (
				6058257924D611F700EA7816 /* LoginViewController.swift in Sources */,
				6058257F24D6324B00EA7816 /* DisplayModelsViewController.swift in Sources */,
				60630F5D24CB5B2E0034385D /* ContentView.swift in Sources */,
				600B3CAD248F849C00CEB217 /* itemCell.swift in Sources */,
				60630F5724CAF28E0034385D /* MBProgressHUD.m in Sources */,
				60630F6124CB6B210034385D /* SwiftUIViewController.swift in Sources */,
				60CC7AB524A9D85B0058B200 /* MeasurementViewController.swift in Sources */,
				60630F6324CCDE080034385D /* HomeViewController.swift in Sources */,
				6058257B24D6132600EA7816 /* Constants.swift in Sources */,
				605F83E924E2E8AD00D5B90C /* Poly.swift in Sources */,
				60630F5924CB10E80034385D /* Loading3DModelsController.swift in Sources */,
				6058257D24D61B2700EA7816 /* RegisterViewController.swift in Sources */,
				600B3C9D248EF73E00CEB217 /* ViewController.swift in Sources */,
				6058257424D600C100EA7816 /* Model.swift in Sources */,
				600B3C99248EF73E00CEB217 /* AppDelegate.swift in Sources */,
				600B3C9B248EF73E00CEB217 /* SceneDelegate.swift in Sources */,
			);
			runOnlyForDeploymentPostprocessing = 0;
		};
/* End PBXSourcesBuildPhase section */

/* Begin PBXVariantGroup section */
		600B3C9E248EF73E00CEB217 /* Main.storyboard */ = {
			isa = PBXVariantGroup;
			children = (
				600B3C9F248EF73E00CEB217 /* Base */,
			);
			name = Main.storyboard;
			sourceTree = "<group>";
		};
		600B3CA3248EF74100CEB217 /* LaunchScreen.storyboard */ = {
			isa = PBXVariantGroup;
			children = (
				600B3CA4248EF74100CEB217 /* Base */,
			);
			name = LaunchScreen.storyboard;
			sourceTree = "<group>";
		};
/* End PBXVariantGroup section */

/* Begin XCBuildConfiguration section */
		600B3CA7248EF74100CEB217 /* Debug */ = {
			isa = XCBuildConfiguration;
			buildSettings = {
				ALWAYS_SEARCH_USER_PATHS = NO;
				CLANG_ANALYZER_NONNULL = YES;
				CLANG_ANALYZER_NUMBER_OBJECT_CONVERSION = YES_AGGRESSIVE;
				CLANG_CXX_LANGUAGE_STANDARD = "gnu++14";
				CLANG_CXX_LIBRARY = "libc++";
				CLANG_ENABLE_MODULES = YES;
				CLANG_ENABLE_OBJC_ARC = YES;
				CLANG_ENABLE_OBJC_WEAK = YES;
				CLANG_WARN_BLOCK_CAPTURE_AUTORELEASING = YES;
				CLANG_WARN_BOOL_CONVERSION = YES;
				CLANG_WARN_COMMA = YES;
				CLANG_WARN_CONSTANT_CONVERSION = YES;
				CLANG_WARN_DEPRECATED_OBJC_IMPLEMENTATIONS = YES;
				CLANG_WARN_DIRECT_OBJC_ISA_USAGE = YES_ERROR;
				CLANG_WARN_DOCUMENTATION_COMMENTS = YES;
				CLANG_WARN_EMPTY_BODY = YES;
				CLANG_WARN_ENUM_CONVERSION = YES;
				CLANG_WARN_INFINITE_RECURSION = YES;
				CLANG_WARN_INT_CONVERSION = YES;
				CLANG_WARN_NON_LITERAL_NULL_CONVERSION = YES;
				CLANG_WARN_OBJC_IMPLICIT_RETAIN_SELF = YES;
				CLANG_WARN_OBJC_LITERAL_CONVERSION = YES;
				CLANG_WARN_OBJC_ROOT_CLASS = YES_ERROR;
				CLANG_WARN_RANGE_LOOP_ANALYSIS = YES;
				CLANG_WARN_STRICT_PROTOTYPES = YES;
				CLANG_WARN_SUSPICIOUS_MOVE = YES;
				CLANG_WARN_UNGUARDED_AVAILABILITY = YES_AGGRESSIVE;
				CLANG_WARN_UNREACHABLE_CODE = YES;
				CLANG_WARN__DUPLICATE_METHOD_MATCH = YES;
				COPY_PHASE_STRIP = NO;
				DEBUG_INFORMATION_FORMAT = dwarf;
				ENABLE_STRICT_OBJC_MSGSEND = YES;
				ENABLE_TESTABILITY = YES;
				GCC_C_LANGUAGE_STANDARD = gnu11;
				GCC_DYNAMIC_NO_PIC = NO;
				GCC_NO_COMMON_BLOCKS = YES;
				GCC_OPTIMIZATION_LEVEL = 0;
				GCC_PREPROCESSOR_DEFINITIONS = (
					"DEBUG=1",
					"$(inherited)",
				);
				GCC_WARN_64_TO_32_BIT_CONVERSION = YES;
				GCC_WARN_ABOUT_RETURN_TYPE = YES_ERROR;
				GCC_WARN_UNDECLARED_SELECTOR = YES;
				GCC_WARN_UNINITIALIZED_AUTOS = YES_AGGRESSIVE;
				GCC_WARN_UNUSED_FUNCTION = YES;
				GCC_WARN_UNUSED_VARIABLE = YES;
				IPHONEOS_DEPLOYMENT_TARGET = 13.4;
				MTL_ENABLE_DEBUG_INFO = INCLUDE_SOURCE;
				MTL_FAST_MATH = YES;
				ONLY_ACTIVE_ARCH = YES;
				SDKROOT = iphoneos;
				SWIFT_ACTIVE_COMPILATION_CONDITIONS = DEBUG;
				SWIFT_OPTIMIZATION_LEVEL = "-Onone";
			};
			name = Debug;
		};
		600B3CA8248EF74100CEB217 /* Release */ = {
			isa = XCBuildConfiguration;
			buildSettings = {
				ALWAYS_SEARCH_USER_PATHS = NO;
				CLANG_ANALYZER_NONNULL = YES;
				CLANG_ANALYZER_NUMBER_OBJECT_CONVERSION = YES_AGGRESSIVE;
				CLANG_CXX_LANGUAGE_STANDARD = "gnu++14";
				CLANG_CXX_LIBRARY = "libc++";
				CLANG_ENABLE_MODULES = YES;
				CLANG_ENABLE_OBJC_ARC = YES;
				CLANG_ENABLE_OBJC_WEAK = YES;
				CLANG_WARN_BLOCK_CAPTURE_AUTORELEASING = YES;
				CLANG_WARN_BOOL_CONVERSION = YES;
				CLANG_WARN_COMMA = YES;
				CLANG_WARN_CONSTANT_CONVERSION = YES;
				CLANG_WARN_DEPRECATED_OBJC_IMPLEMENTATIONS = YES;
				CLANG_WARN_DIRECT_OBJC_ISA_USAGE = YES_ERROR;
				CLANG_WARN_DOCUMENTATION_COMMENTS = YES;
				CLANG_WARN_EMPTY_BODY = YES;
				CLANG_WARN_ENUM_CONVERSION = YES;
				CLANG_WARN_INFINITE_RECURSION = YES;
				CLANG_WARN_INT_CONVERSION = YES;
				CLANG_WARN_NON_LITERAL_NULL_CONVERSION = YES;
				CLANG_WARN_OBJC_IMPLICIT_RETAIN_SELF = YES;
				CLANG_WARN_OBJC_LITERAL_CONVERSION = YES;
				CLANG_WARN_OBJC_ROOT_CLASS = YES_ERROR;
				CLANG_WARN_RANGE_LOOP_ANALYSIS = YES;
				CLANG_WARN_STRICT_PROTOTYPES = YES;
				CLANG_WARN_SUSPICIOUS_MOVE = YES;
				CLANG_WARN_UNGUARDED_AVAILABILITY = YES_AGGRESSIVE;
				CLANG_WARN_UNREACHABLE_CODE = YES;
				CLANG_WARN__DUPLICATE_METHOD_MATCH = YES;
				COPY_PHASE_STRIP = NO;
				DEBUG_INFORMATION_FORMAT = "dwarf-with-dsym";
				ENABLE_NS_ASSERTIONS = NO;
				ENABLE_STRICT_OBJC_MSGSEND = YES;
				GCC_C_LANGUAGE_STANDARD = gnu11;
				GCC_NO_COMMON_BLOCKS = YES;
				GCC_WARN_64_TO_32_BIT_CONVERSION = YES;
				GCC_WARN_ABOUT_RETURN_TYPE = YES_ERROR;
				GCC_WARN_UNDECLARED_SELECTOR = YES;
				GCC_WARN_UNINITIALIZED_AUTOS = YES_AGGRESSIVE;
				GCC_WARN_UNUSED_FUNCTION = YES;
				GCC_WARN_UNUSED_VARIABLE = YES;
				IPHONEOS_DEPLOYMENT_TARGET = 13.4;
				MTL_ENABLE_DEBUG_INFO = NO;
				MTL_FAST_MATH = YES;
				SDKROOT = iphoneos;
				SWIFT_COMPILATION_MODE = wholemodule;
				SWIFT_OPTIMIZATION_LEVEL = "-O";
				VALIDATE_PRODUCT = YES;
			};
			name = Release;
		};
		600B3CAA248EF74100CEB217 /* Debug */ = {
			isa = XCBuildConfiguration;
			baseConfigurationReference = 286033F19D021407A5AEE005 /* Pods-ikea.debug.xcconfig */;
			buildSettings = {
				ASSETCATALOG_COMPILER_APPICON_NAME = AppIcon;
				CLANG_ENABLE_MODULES = YES;
				CODE_SIGN_STYLE = Automatic;
				DEVELOPMENT_TEAM = 932FZ59CCD;
				INFOPLIST_FILE = ikea/Info.plist;
				LD_RUNPATH_SEARCH_PATHS = (
					"$(inherited)",
					"@executable_path/Frameworks",
				);
				PRODUCT_BUNDLE_IDENTIFIER = com.danlinwang.ikea;
				PRODUCT_NAME = "$(TARGET_NAME)";
				SWIFT_OBJC_BRIDGING_HEADER = "ikea/ikea-Bridging-Header.h";
				SWIFT_OPTIMIZATION_LEVEL = "-Onone";
				SWIFT_VERSION = 5.0;
				TARGETED_DEVICE_FAMILY = "1,2";
			};
			name = Debug;
		};
		600B3CAB248EF74100CEB217 /* Release */ = {
			isa = XCBuildConfiguration;
			baseConfigurationReference = BA8C1EA61C3213E94CB74138 /* Pods-ikea.release.xcconfig */;
			buildSettings = {
				ASSETCATALOG_COMPILER_APPICON_NAME = AppIcon;
				CLANG_ENABLE_MODULES = YES;
				CODE_SIGN_STYLE = Automatic;
				DEVELOPMENT_TEAM = 932FZ59CCD;
				INFOPLIST_FILE = ikea/Info.plist;
				LD_RUNPATH_SEARCH_PATHS = (
					"$(inherited)",
					"@executable_path/Frameworks",
				);
				PRODUCT_BUNDLE_IDENTIFIER = com.danlinwang.ikea;
				PRODUCT_NAME = "$(TARGET_NAME)";
				SWIFT_OBJC_BRIDGING_HEADER = "ikea/ikea-Bridging-Header.h";
				SWIFT_VERSION = 5.0;
				TARGETED_DEVICE_FAMILY = "1,2";
			};
			name = Release;
		};
/* End XCBuildConfiguration section */

/* Begin XCConfigurationList section */
		600B3C90248EF73E00CEB217 /* Build configuration list for PBXProject "ikea" */ = {
			isa = XCConfigurationList;
			buildConfigurations = (
				600B3CA7248EF74100CEB217 /* Debug */,
				600B3CA8248EF74100CEB217 /* Release */,
			);
			defaultConfigurationIsVisible = 0;
			defaultConfigurationName = Release;
		};
		600B3CA9248EF74100CEB217 /* Build configuration list for PBXNativeTarget "ikea" */ = {
			isa = XCConfigurationList;
			buildConfigurations = (
				600B3CAA248EF74100CEB217 /* Debug */,
				600B3CAB248EF74100CEB217 /* Release */,
			);
			defaultConfigurationIsVisible = 0;
			defaultConfigurationName = Release;
		};
/* End XCConfigurationList section */
	};
	rootObject = 600B3C8D248EF73E00CEB217 /* Project object */;
}
